# THIS IS AN AUTOGENERATED FILE. DO NOT EDIT THIS FILE DIRECTLY.
# yarn lockfile v1


disect@~1.1.0:
  version "1.1.1"
  resolved "https://registry.yarnpkg.com/disect/-/disect-1.1.1.tgz#b2b520fab720abed83ec1a41f61979f4f318aca7"

tokenizer@^1.1.2:
  version "1.1.2"
  resolved "https://registry.yarnpkg.com/tokenizer/-/tokenizer-1.1.2.tgz#0058bdc229affaed05b29333675ccf53eae34f5d"
  dependencies:
    disect "~1.1.0"
